
Microsoft Visual Studio Solution File, Format Version 12.00
# Visual Studio Version 16
VisualStudioVersion = 16.0.28917.181
MinimumVisualStudioVersion = 10.0.40219.1
Project("{FAE04EC0-301F-11D3-BF4B-00C04F79EFBC}") = "WordCount", "WordCount.csproj", "{356DFC5A-40D6-4F90-AF46-26CFF9C1E468}"
EndProject
Project("{FAE04EC0-301F-11D3-BF4B-00C04F79EFBC}") = "WordCount.Test", "..\WordCount.Test\WordCount.Test.csproj", "{917FB29A-5F5F-42FF-98B0-57CDF037FF61}"
EndProject
Global
	GlobalSection(SolutionConfigurationPlatforms) = preSolution
		Debug|Any CPU = Debug|Any CPU
		Release|Any CPU = Release|Any CPU
	EndGlobalSection
	GlobalSection(ProjectConfigurationPlatforms) = postSolution
		{356DFC5A-40D6-4F90-AF46-26CFF9C1E468}.Debug|Any CPU.ActiveCfg = Debug|Any CPU
		{356DFC5A-40D6-4F90-AF46-26CFF9C1E468}.Debug|Any CPU.Build.0 = Debug|Any CPU
		{356DFC5A-40D6-4F90-AF46-26CFF9C1E468}.Release|Any CPU.ActiveCfg = Release|Any CPU
		{356DFC5A-40D6-4F90-AF46-26CFF9C1E468}.Release|Any CPU.Build.0 = Release|Any CPU
		{917FB29A-5F5F-42FF-98B0-57CDF037FF61}.Debug|Any CPU.ActiveCfg = Debug|Any CPU
		{917FB29A-5F5F-42FF-98B0-57CDF037FF61}.Debug|Any CPU.Build.0 = Debug|Any CPU
		{917FB29A-5F5F-42FF-98B0-57CDF037FF61}.Release|Any CPU.ActiveCfg = Release|Any CPU
		{917FB29A-5F5F-42FF-98B0-57CDF037FF61}.Release|Any CPU.Build.0 = Release|Any CPU
	EndGlobalSection
	GlobalSection(SolutionProperties) = preSolution
		HideSolutionNode = FALSE
	EndGlobalSection
	GlobalSection(ExtensibilityGlobals) = postSolution
		SolutionGuid = {CB9CF583-D3B5-47DE-A26B-26C169E5B61B}
	EndGlobalSection
EndGlobal
